// !$*UTF8*$!
{
	archiveVersion = 1;
	classes = {
	};
	objectVersion = 46;
	objects = {

/* Begin PBXBuildFile section */
		31400E0509F4267CE0D7E3FD /* Pods_Note.framework in Frameworks */ = {isa = PBXBuildFile; fileRef = F848830DF51FAADE4613C4AD /* Pods_Note.framework */; };
		702DF3E51DE838410047D460 /* DataBase.swift in Sources */ = {isa = PBXBuildFile; fileRef = 702DF3E41DE838410047D460 /* DataBase.swift */; };
		702DF3E81DE83C550047D460 /* DateExtension.swift in Sources */ = {isa = PBXBuildFile; fileRef = 702DF3E71DE83C550047D460 /* DateExtension.swift */; };
		709F81D01DE572910029366D /* AppDelegate.swift in Sources */ = {isa = PBXBuildFile; fileRef = 709F81CF1DE572910029366D /* AppDelegate.swift */; };
		709F81D51DE572910029366D /* Main.storyboard in Resources */ = {isa = PBXBuildFile; fileRef = 709F81D31DE572910029366D /* Main.storyboard */; };
		709F81D71DE572910029366D /* Assets.xcassets in Resources */ = {isa = PBXBuildFile; fileRef = 709F81D61DE572910029366D /* Assets.xcassets */; };
		709F81DA1DE572910029366D /* LaunchScreen.storyboard in Resources */ = {isa = PBXBuildFile; fileRef = 709F81D81DE572910029366D /* LaunchScreen.storyboard */; };
		709F81E51DE572910029366D /* NoteTests.swift in Sources */ = {isa = PBXBuildFile; fileRef = 709F81E41DE572910029366D /* NoteTests.swift */; };
		709F81F11DE573B90029366D /* HomeViewController.swift in Sources */ = {isa = PBXBuildFile; fileRef = 709F81F01DE573B90029366D /* HomeViewController.swift */; };
		709F81F51DE573DA0029366D /* HomeViewController.storyboard in Resources */ = {isa = PBXBuildFile; fileRef = 709F81F41DE573DA0029366D /* HomeViewController.storyboard */; };
		709F81F81DE577EC0029366D /* RemindView.swift in Sources */ = {isa = PBXBuildFile; fileRef = 709F81F71DE577EC0029366D /* RemindView.swift */; };
		709F81FA1DE577F40029366D /* RemindView.xib in Resources */ = {isa = PBXBuildFile; fileRef = 709F81F91DE577F40029366D /* RemindView.xib */; };
		70CF799C1DE807980058A02F /* SaveImageController.swift in Sources */ = {isa = PBXBuildFile; fileRef = 70CF799B1DE807980058A02F /* SaveImageController.swift */; };
		70FD73CA1DE6CC8A008D90E4 /* CustomCameraController.swift in Sources */ = {isa = PBXBuildFile; fileRef = 70FD73C91DE6CC8A008D90E4 /* CustomCameraController.swift */; };
		C1AE238817E0686F8BCA1D32 /* Pods_NoteTests.framework in Frameworks */ = {isa = PBXBuildFile; fileRef = CAF488F941C5A6589391AB46 /* Pods_NoteTests.framework */; };
/* End PBXBuildFile section */

/* Begin PBXContainerItemProxy section */
		709F81E11DE572910029366D /* PBXContainerItemProxy */ = {
			isa = PBXContainerItemProxy;
			containerPortal = 709F81C41DE572910029366D /* Project object */;
			proxyType = 1;
			remoteGlobalIDString = 709F81CB1DE572910029366D;
			remoteInfo = Note;
		};
/* End PBXContainerItemProxy section */

/* Begin PBXFileReference section */
		1674132942DA0F2C922D483F /* Pods-NoteTests.release.xcconfig */ = {isa = PBXFileReference; includeInIndex = 1; lastKnownFileType = text.xcconfig; name = "Pods-NoteTests.release.xcconfig"; path = "Pods/Target Support Files/Pods-NoteTests/Pods-NoteTests.release.xcconfig"; sourceTree = "<group>"; };
		36A45D18AC8781AF7151CAC1 /* Pods-NoteTests.debug.xcconfig */ = {isa = PBXFileReference; includeInIndex = 1; lastKnownFileType = text.xcconfig; name = "Pods-NoteTests.debug.xcconfig"; path = "Pods/Target Support Files/Pods-NoteTests/Pods-NoteTests.debug.xcconfig"; sourceTree = "<group>"; };
		702DF3E41DE838410047D460 /* DataBase.swift */ = {isa = PBXFileReference; fileEncoding = 4; lastKnownFileType = sourcecode.swift; path = DataBase.swift; sourceTree = "<group>"; };
		702DF3E71DE83C550047D460 /* DateExtension.swift */ = {isa = PBXFileReference; fileEncoding = 4; lastKnownFileType = sourcecode.swift; path = DateExtension.swift; sourceTree = "<group>"; };
		709F81CC1DE572910029366D /* Note.app */ = {isa = PBXFileReference; explicitFileType = wrapper.application; includeInIndex = 0; path = Note.app; sourceTree = BUILT_PRODUCTS_DIR; };
		709F81CF1DE572910029366D /* AppDelegate.swift */ = {isa = PBXFileReference; lastKnownFileType = sourcecode.swift; path = AppDelegate.swift; sourceTree = "<group>"; };
		709F81D41DE572910029366D /* Base */ = {isa = PBXFileReference; lastKnownFileType = file.storyboard; name = Base; path = Base.lproj/Main.storyboard; sourceTree = "<group>"; };
		709F81D61DE572910029366D /* Assets.xcassets */ = {isa = PBXFileReference; lastKnownFileType = folder.assetcatalog; path = Assets.xcassets; sourceTree = "<group>"; };
		709F81D91DE572910029366D /* Base */ = {isa = PBXFileReference; lastKnownFileType = file.storyboard; name = Base; path = Base.lproj/LaunchScreen.storyboard; sourceTree = "<group>"; };
		709F81DB1DE572910029366D /* Info.plist */ = {isa = PBXFileReference; lastKnownFileType = text.plist.xml; path = Info.plist; sourceTree = "<group>"; };
		709F81E01DE572910029366D /* NoteTests.xctest */ = {isa = PBXFileReference; explicitFileType = wrapper.cfbundle; includeInIndex = 0; path = NoteTests.xctest; sourceTree = BUILT_PRODUCTS_DIR; };
		709F81E41DE572910029366D /* NoteTests.swift */ = {isa = PBXFileReference; lastKnownFileType = sourcecode.swift; path = NoteTests.swift; sourceTree = "<group>"; };
		709F81E61DE572910029366D /* Info.plist */ = {isa = PBXFileReference; lastKnownFileType = text.plist.xml; path = Info.plist; sourceTree = "<group>"; };
		709F81F01DE573B90029366D /* HomeViewController.swift */ = {isa = PBXFileReference; fileEncoding = 4; lastKnownFileType = sourcecode.swift; path = HomeViewController.swift; sourceTree = "<group>"; };
		709F81F41DE573DA0029366D /* HomeViewController.storyboard */ = {isa = PBXFileReference; fileEncoding = 4; lastKnownFileType = file.storyboard; path = HomeViewController.storyboard; sourceTree = "<group>"; };
		709F81F71DE577EC0029366D /* RemindView.swift */ = {isa = PBXFileReference; fileEncoding = 4; lastKnownFileType = sourcecode.swift; path = RemindView.swift; sourceTree = "<group>"; };
		709F81F91DE577F40029366D /* RemindView.xib */ = {isa = PBXFileReference; fileEncoding = 4; lastKnownFileType = file.xib; path = RemindView.xib; sourceTree = "<group>"; };
		70CF799B1DE807980058A02F /* SaveImageController.swift */ = {isa = PBXFileReference; fileEncoding = 4; lastKnownFileType = sourcecode.swift; path = SaveImageController.swift; sourceTree = "<group>"; };
		70FD73C91DE6CC8A008D90E4 /* CustomCameraController.swift */ = {isa = PBXFileReference; fileEncoding = 4; lastKnownFileType = sourcecode.swift; path = CustomCameraController.swift; sourceTree = "<group>"; };
		A3A53C32FB70FF570BAE469A /* Pods-Note.debug.xcconfig */ = {isa = PBXFileReference; includeInIndex = 1; lastKnownFileType = text.xcconfig; name = "Pods-Note.debug.xcconfig"; path = "Pods/Target Support Files/Pods-Note/Pods-Note.debug.xcconfig"; sourceTree = "<group>"; };
		CAF488F941C5A6589391AB46 /* Pods_NoteTests.framework */ = {isa = PBXFileReference; explicitFileType = wrapper.framework; includeInIndex = 0; path = Pods_NoteTests.framework; sourceTree = BUILT_PRODUCTS_DIR; };
		F535DC144622DA5B752358D8 /* Pods-Note.release.xcconfig */ = {isa = PBXFileReference; includeInIndex = 1; lastKnownFileType = text.xcconfig; name = "Pods-Note.release.xcconfig"; path = "Pods/Target Support Files/Pods-Note/Pods-Note.release.xcconfig"; sourceTree = "<group>"; };
		F848830DF51FAADE4613C4AD /* Pods_Note.framework */ = {isa = PBXFileReference; explicitFileType = wrapper.framework; includeInIndex = 0; path = Pods_Note.framework; sourceTree = BUILT_PRODUCTS_DIR; };
/* End PBXFileReference section */

/* Begin PBXFrameworksBuildPhase section */
		709F81C91DE572910029366D /* Frameworks */ = {
			isa = PBXFrameworksBuildPhase;
			buildActionMask = 2147483647;
			files = (
				31400E0509F4267CE0D7E3FD /* Pods_Note.framework in Frameworks */,
			);
			runOnlyForDeploymentPostprocessing = 0;
		};
		709F81DD1DE572910029366D /* Frameworks */ = {
			isa = PBXFrameworksBuildPhase;
			buildActionMask = 2147483647;
			files = (
				C1AE238817E0686F8BCA1D32 /* Pods_NoteTests.framework in Frameworks */,
			);
			runOnlyForDeploymentPostprocessing = 0;
		};
/* End PBXFrameworksBuildPhase section */

/* Begin PBXGroup section */
		702DF3E31DE8382D0047D460 /* Model */ = {
			isa = PBXGroup;
			children = (
				702DF3E41DE838410047D460 /* DataBase.swift */,
			);
			name = Model;
			path = View/Model;
			sourceTree = "<group>";
		};
		702DF3E61DE83C360047D460 /* Extension */ = {
			isa = PBXGroup;
			children = (
				702DF3E71DE83C550047D460 /* DateExtension.swift */,
			);
			path = Extension;
			sourceTree = "<group>";
		};
		709F81C31DE572910029366D = {
			isa = PBXGroup;
			children = (
				709F81CE1DE572910029366D /* Note */,
				709F81E31DE572910029366D /* NoteTests */,
				709F81CD1DE572910029366D /* Products */,
				C4C7029A65F28A5F2A85851A /* Pods */,
				D9D7E6337A5CED11797F28B4 /* Frameworks */,
			);
			sourceTree = "<group>";
		};
		709F81CD1DE572910029366D /* Products */ = {
			isa = PBXGroup;
			children = (
				709F81CC1DE572910029366D /* Note.app */,
				709F81E01DE572910029366D /* NoteTests.xctest */,
			);
			name = Products;
			sourceTree = "<group>";
		};
		709F81CE1DE572910029366D /* Note */ = {
			isa = PBXGroup;
			children = (
				709F81EF1DE572C80029366D /* Class */,
				702DF3E31DE8382D0047D460 /* Model */,
				709F81F61DE577DB0029366D /* View */,
				702DF3E61DE83C360047D460 /* Extension */,
				709F81CF1DE572910029366D /* AppDelegate.swift */,
				709F81D31DE572910029366D /* Main.storyboard */,
				709F81D61DE572910029366D /* Assets.xcassets */,
				709F81D81DE572910029366D /* LaunchScreen.storyboard */,
				709F81DB1DE572910029366D /* Info.plist */,
			);
			path = Note;
			sourceTree = "<group>";
		};
		709F81E31DE572910029366D /* NoteTests */ = {
			isa = PBXGroup;
			children = (
				709F81E41DE572910029366D /* NoteTests.swift */,
				709F81E61DE572910029366D /* Info.plist */,
			);
			path = NoteTests;
			sourceTree = "<group>";
		};
		709F81EF1DE572C80029366D /* Class */ = {
			isa = PBXGroup;
			children = (
				709F81F01DE573B90029366D /* HomeViewController.swift */,
				709F81F41DE573DA0029366D /* HomeViewController.storyboard */,
				70FD73C91DE6CC8A008D90E4 /* CustomCameraController.swift */,
				70CF799B1DE807980058A02F /* SaveImageController.swift */,
			);
			path = Class;
			sourceTree = "<group>";
		};
		709F81F61DE577DB0029366D /* View */ = {
			isa = PBXGroup;
			children = (
				709F81F71DE577EC0029366D /* RemindView.swift */,
				709F81F91DE577F40029366D /* RemindView.xib */,
			);
			path = View;
			sourceTree = "<group>";
		};
		C4C7029A65F28A5F2A85851A /* Pods */ = {
			isa = PBXGroup;
			children = (
				A3A53C32FB70FF570BAE469A /* Pods-Note.debug.xcconfig */,
				F535DC144622DA5B752358D8 /* Pods-Note.release.xcconfig */,
				36A45D18AC8781AF7151CAC1 /* Pods-NoteTests.debug.xcconfig */,
				1674132942DA0F2C922D483F /* Pods-NoteTests.release.xcconfig */,
			);
			name = Pods;
			sourceTree = "<group>";
		};
		D9D7E6337A5CED11797F28B4 /* Frameworks */ = {
			isa = PBXGroup;
			children = (
				F848830DF51FAADE4613C4AD /* Pods_Note.framework */,
				CAF488F941C5A6589391AB46 /* Pods_NoteTests.framework */,
			);
			name = Frameworks;
			sourceTree = "<group>";
		};
/* End PBXGroup section */

/* Begin PBXNativeTarget section */
		709F81CB1DE572910029366D /* Note */ = {
			isa = PBXNativeTarget;
			buildConfigurationList = 709F81E91DE572910029366D /* Build configuration list for PBXNativeTarget "Note" */;
			buildPhases = (
				B99D8448AB186DD956DA0C66 /* [CP] Check Pods Manifest.lock */,
				709F81C81DE572910029366D /* Sources */,
				709F81C91DE572910029366D /* Frameworks */,
				709F81CA1DE572910029366D /* Resources */,
				49AEC0DE9E50E9C373B62FD5 /* [CP] Embed Pods Frameworks */,
				865B996C9EFFCEE8118A94BF /* [CP] Copy Pods Resources */,
			);
			buildRules = (
			);
			dependencies = (
			);
			name = Note;
			productName = Note;
			productReference = 709F81CC1DE572910029366D /* Note.app */;
			productType = "com.apple.product-type.application";
		};
		709F81DF1DE572910029366D /* NoteTests */ = {
			isa = PBXNativeTarget;
			buildConfigurationList = 709F81EC1DE572910029366D /* Build configuration list for PBXNativeTarget "NoteTests" */;
			buildPhases = (
				39EF541C5AFDB5A1CFB943F7 /* [CP] Check Pods Manifest.lock */,
				709F81DC1DE572910029366D /* Sources */,
				709F81DD1DE572910029366D /* Frameworks */,
				709F81DE1DE572910029366D /* Resources */,
				2C353DB4BE9039901887B7D2 /* [CP] Embed Pods Frameworks */,
				FA432A1D44F713F016149CE6 /* [CP] Copy Pods Resources */,
			);
			buildRules = (
			);
			dependencies = (
				709F81E21DE572910029366D /* PBXTargetDependency */,
			);
			name = NoteTests;
			productName = NoteTests;
			productReference = 709F81E01DE572910029366D /* NoteTests.xctest */;
			productType = "com.apple.product-type.bundle.unit-test";
		};
/* End PBXNativeTarget section */

/* Begin PBXProject section */
		709F81C41DE572910029366D /* Project object */ = {
			isa = PBXProject;
			attributes = {
				LastSwiftUpdateCheck = 0810;
				LastUpgradeCheck = 0810;
				ORGANIZATIONNAME = MyNote;
				TargetAttributes = {
					709F81CB1DE572910029366D = {
						CreatedOnToolsVersion = 8.1;
						DevelopmentTeam = 6F74KR9FP9;
						ProvisioningStyle = Automatic;
					};
					709F81DF1DE572910029366D = {
						CreatedOnToolsVersion = 8.1;
						DevelopmentTeam = 6F74KR9FP9;
						ProvisioningStyle = Automatic;
						TestTargetID = 709F81CB1DE572910029366D;
					};
				};
			};
			buildConfigurationList = 709F81C71DE572910029366D /* Build configuration list for PBXProject "Note" */;
			compatibilityVersion = "Xcode 3.2";
			developmentRegion = English;
			hasScannedForEncodings = 0;
			knownRegions = (
				en,
				Base,
			);
			mainGroup = 709F81C31DE572910029366D;
			productRefGroup = 709F81CD1DE572910029366D /* Products */;
			projectDirPath = "";
			projectRoot = "";
			targets = (
				709F81CB1DE572910029366D /* Note */,
				709F81DF1DE572910029366D /* NoteTests */,
			);
		};
/* End PBXProject section */

/* Begin PBXResourcesBuildPhase section */
		709F81CA1DE572910029366D /* Resources */ = {
			isa = PBXResourcesBuildPhase;
			buildActionMask = 2147483647;
			files = (
				709F81FA1DE577F40029366D /* RemindView.xib in Resources */,
				709F81F51DE573DA0029366D /* HomeViewController.storyboard in Resources */,
				709F81DA1DE572910029366D /* LaunchScreen.storyboard in Resources */,
				709F81D71DE572910029366D /* Assets.xcassets in Resources */,
				709F81D51DE572910029366D /* Main.storyboard in Resources */,
			);
			runOnlyForDeploymentPostprocessing = 0;
		};
		709F81DE1DE572910029366D /* Resources */ = {
			isa = PBXResourcesBuildPhase;
			buildActionMask = 2147483647;
			files = (
			);
			runOnlyForDeploymentPostprocessing = 0;
		};
/* End PBXResourcesBuildPhase section */

/* Begin PBXShellScriptBuildPhase section */
		2C353DB4BE9039901887B7D2 /* [CP] Embed Pods Frameworks */ = {
			isa = PBXShellScriptBuildPhase;
			buildActionMask = 2147483647;
			files = (
			);
			inputPaths = (
			);
			name = "[CP] Embed Pods Frameworks";
			outputPaths = (
			);
			runOnlyForDeploymentPostprocessing = 0;
			shellPath = /bin/sh;
			shellScript = "\"${SRCROOT}/Pods/Target Support Files/Pods-NoteTests/Pods-NoteTests-frameworks.sh\"\n";
			showEnvVarsInLog = 0;
		};
		39EF541C5AFDB5A1CFB943F7 /* [CP] Check Pods Manifest.lock */ = {
			isa = PBXShellScriptBuildPhase;
			buildActionMask = 2147483647;
			files = (
			);
			inputPaths = (
			);
			name = "[CP] Check Pods Manifest.lock";
			outputPaths = (
			);
			runOnlyForDeploymentPostprocessing = 0;
			shellPath = /bin/sh;
			shellScript = "diff \"${PODS_ROOT}/../Podfile.lock\" \"${PODS_ROOT}/Manifest.lock\" > /dev/null\nif [ $? != 0 ] ; then\n    # print error to STDERR\n    echo \"error: The sandbox is not in sync with the Podfile.lock. Run 'pod install' or update your CocoaPods installation.\" >&2\n    exit 1\nfi\n";
			showEnvVarsInLog = 0;
		};
		49AEC0DE9E50E9C373B62FD5 /* [CP] Embed Pods Frameworks */ = {
			isa = PBXShellScriptBuildPhase;
			buildActionMask = 2147483647;
			files = (
			);
			inputPaths = (
			);
			name = "[CP] Embed Pods Frameworks";
			outputPaths = (
			);
			runOnlyForDeploymentPostprocessing = 0;
			shellPath = /bin/sh;
			shellScript = "\"${SRCROOT}/Pods/Target Support Files/Pods-Note/Pods-Note-frameworks.sh\"\n";
			showEnvVarsInLog = 0;
		};
		865B996C9EFFCEE8118A94BF /* [CP] Copy Pods Resources */ = {
			isa = PBXShellScriptBuildPhase;
			buildActionMask = 2147483647;
			files = (
			);
			inputPaths = (
			);
			name = "[CP] Copy Pods Resources";
			outputPaths = (
			);
			runOnlyForDeploymentPostprocessing = 0;
			shellPath = /bin/sh;
			shellScript = "\"${SRCROOT}/Pods/Target Support Files/Pods-Note/Pods-Note-resources.sh\"\n";
			showEnvVarsInLog = 0;
		};
		B99D8448AB186DD956DA0C66 /* [CP] Check Pods Manifest.lock */ = {
			isa = PBXShellScriptBuildPhase;
			buildActionMask = 2147483647;
			files = (
			);
			inputPaths = (
			);
			name = "[CP] Check Pods Manifest.lock";
			outputPaths = (
			);
			runOnlyForDeploymentPostprocessing = 0;
			shellPath = /bin/sh;
			shellScript = "diff \"${PODS_ROOT}/../Podfile.lock\" \"${PODS_ROOT}/Manifest.lock\" > /dev/null\nif [ $? != 0 ] ; then\n    # print error to STDERR\n    echo \"error: The sandbox is not in sync with the Podfile.lock. Run 'pod install' or update your CocoaPods installation.\" >&2\n    exit 1\nfi\n";
			showEnvVarsInLog = 0;
		};
		FA432A1D44F713F016149CE6 /* [CP] Copy Pods Resources */ = {
			isa = PBXShellScriptBuildPhase;
			buildActionMask = 2147483647;
			files = (
			);
			inputPaths = (
			);
			name = "[CP] Copy Pods Resources";
			outputPaths = (
			);
			runOnlyForDeploymentPostprocessing = 0;
			shellPath = /bin/sh;
			shellScript = "\"${SRCROOT}/Pods/Target Support Files/Pods-NoteTests/Pods-NoteTests-resources.sh\"\n";
			showEnvVarsInLog = 0;
		};
/* End PBXShellScriptBuildPhase section */

/* Begin PBXSourcesBuildPhase section */
		709F81C81DE572910029366D /* Sources */ = {
			isa = PBXSourcesBuildPhase;
			buildActionMask = 2147483647;
			files = (
				709F81D01DE572910029366D /* AppDelegate.swift in Sources */,
				702DF3E81DE83C550047D460 /* DateExtension.swift in Sources */,
				702DF3E51DE838410047D460 /* DataBase.swift in Sources */,
				709F81F81DE577EC0029366D /* RemindView.swift in Sources */,
				709F81F11DE573B90029366D /* HomeViewController.swift in Sources */,
				70FD73CA1DE6CC8A008D90E4 /* CustomCameraController.swift in Sources */,
				70CF799C1DE807980058A02F /* SaveImageController.swift in Sources */,
			);
			runOnlyForDeploymentPostprocessing = 0;
		};
		709F81DC1DE572910029366D /* Sources */ = {
			isa = PBXSourcesBuildPhase;
			buildActionMask = 2147483647;
			files = (
				709F81E51DE572910029366D /* NoteTests.swift in Sources */,
			);
			runOnlyForDeploymentPostprocessing = 0;
		};
/* End PBXSourcesBuildPhase section */

/* Begin PBXTargetDependency section */
		709F81E21DE572910029366D /* PBXTargetDependency */ = {
			isa = PBXTargetDependency;
			target = 709F81CB1DE572910029366D /* Note */;
			targetProxy = 709F81E11DE572910029366D /* PBXContainerItemProxy */;
		};
/* End PBXTargetDependency section */

/* Begin PBXVariantGroup section */
		709F81D31DE572910029366D /* Main.storyboard */ = {
			isa = PBXVariantGroup;
			children = (
				709F81D41DE572910029366D /* Base */,
			);
			name = Main.storyboard;
			sourceTree = "<group>";
		};
		709F81D81DE572910029366D /* LaunchScreen.storyboard */ = {
			isa = PBXVariantGroup;
			children = (
				709F81D91DE572910029366D /* Base */,
			);
			name = LaunchScreen.storyboard;
			sourceTree = "<group>";
		};
/* End PBXVariantGroup section */

/* Begin XCBuildConfiguration section */
		709F81E71DE572910029366D /* Debug */ = {
			isa = XCBuildConfiguration;
			buildSettings = {
				ALWAYS_SEARCH_USER_PATHS = NO;
				CLANG_ANALYZER_NONNULL = YES;
				CLANG_CXX_LANGUAGE_STANDARD = "gnu++0x";
				CLANG_CXX_LIBRARY = "libc++";
				CLANG_ENABLE_MODULES = YES;
				CLANG_ENABLE_OBJC_ARC = YES;
				CLANG_WARN_BOOL_CONVERSION = YES;
				CLANG_WARN_CONSTANT_CONVERSION = YES;
				CLANG_WARN_DIRECT_OBJC_ISA_USAGE = YES_ERROR;
				CLANG_WARN_DOCUMENTATION_COMMENTS = YES;
				CLANG_WARN_EMPTY_BODY = YES;
				CLANG_WARN_ENUM_CONVERSION = YES;
				CLANG_WARN_INFINITE_RECURSION = YES;
				CLANG_WARN_INT_CONVERSION = YES;
				CLANG_WARN_OBJC_ROOT_CLASS = YES_ERROR;
				CLANG_WARN_SUSPICIOUS_MOVES = YES;
				CLANG_WARN_UNREACHABLE_CODE = YES;
				CLANG_WARN__DUPLICATE_METHOD_MATCH = YES;
				"CODE_SIGN_IDENTITY[sdk=iphoneos*]" = "iPhone Developer";
				COPY_PHASE_STRIP = NO;
				DEBUG_INFORMATION_FORMAT = dwarf;
				ENABLE_STRICT_OBJC_MSGSEND = YES;
				ENABLE_TESTABILITY = YES;
				GCC_C_LANGUAGE_STANDARD = gnu99;
				GCC_DYNAMIC_NO_PIC = NO;
				GCC_NO_COMMON_BLOCKS = YES;
				GCC_OPTIMIZATION_LEVEL = 0;
				GCC_PREPROCESSOR_DEFINITIONS = (
					"DEBUG=1",
					"$(inherited)",
				);
				GCC_WARN_64_TO_32_BIT_CONVERSION = YES;
				GCC_WARN_ABOUT_RETURN_TYPE = YES_ERROR;
				GCC_WARN_UNDECLARED_SELECTOR = YES;
				GCC_WARN_UNINITIALIZED_AUTOS = YES_AGGRESSIVE;
				GCC_WARN_UNUSED_FUNCTION = YES;
				GCC_WARN_UNUSED_VARIABLE = YES;
				IPHONEOS_DEPLOYMENT_TARGET = 10.1;
				MTL_ENABLE_DEBUG_INFO = YES;
				ONLY_ACTIVE_ARCH = YES;
				SDKROOT = iphoneos;
				SWIFT_ACTIVE_COMPILATION_CONDITIONS = DEBUG;
				SWIFT_OPTIMIZATION_LEVEL = "-Onone";
				TARGETED_DEVICE_FAMILY = "1,2";
			};
			name = Debug;
		};
		709F81E81DE572910029366D /* Release */ = {
			isa = XCBuildConfiguration;
			buildSettings = {
				ALWAYS_SEARCH_USER_PATHS = NO;
				CLANG_ANALYZER_NONNULL = YES;
				CLANG_CXX_LANGUAGE_STANDARD = "gnu++0x";
				CLANG_CXX_LIBRARY = "libc++";
				CLANG_ENABLE_MODULES = YES;
				CLANG_ENABLE_OBJC_ARC = YES;
				CLANG_WARN_BOOL_CONVERSION = YES;
				CLANG_WARN_CONSTANT_CONVERSION = YES;
				CLANG_WARN_DIRECT_OBJC_ISA_USAGE = YES_ERROR;
				CLANG_WARN_DOCUMENTATION_COMMENTS = YES;
				CLANG_WARN_EMPTY_BODY = YES;
				CLANG_WARN_ENUM_CONVERSION = YES;
				CLANG_WARN_INFINITE_RECURSION = YES;
				CLANG_WARN_INT_CONVERSION = YES;
				CLANG_WARN_OBJC_ROOT_CLASS = YES_ERROR;
				CLANG_WARN_SUSPICIOUS_MOVES = YES;
				CLANG_WARN_UNREACHABLE_CODE = YES;
				CLANG_WARN__DUPLICATE_METHOD_MATCH = YES;
				"CODE_SIGN_IDENTITY[sdk=iphoneos*]" = "iPhone Developer";
				COPY_PHASE_STRIP = NO;
				DEBUG_INFORMATION_FORMAT = "dwarf-with-dsym";
				ENABLE_NS_ASSERTIONS = NO;
				ENABLE_STRICT_OBJC_MSGSEND = YES;
				GCC_C_LANGUAGE_STANDARD = gnu99;
				GCC_NO_COMMON_BLOCKS = YES;
				GCC_WARN_64_TO_32_BIT_CONVERSION = YES;
				GCC_WARN_ABOUT_RETURN_TYPE = YES_ERROR;
				GCC_WARN_UNDECLARED_SELECTOR = YES;
				GCC_WARN_UNINITIALIZED_AUTOS = YES_AGGRESSIVE;
				GCC_WARN_UNUSED_FUNCTION = YES;
				GCC_WARN_UNUSED_VARIABLE = YES;
				IPHONEOS_DEPLOYMENT_TARGET = 10.1;
				MTL_ENABLE_DEBUG_INFO = NO;
				SDKROOT = iphoneos;
				SWIFT_OPTIMIZATION_LEVEL = "-Owholemodule";
				TARGETED_DEVICE_FAMILY = "1,2";
				VALIDATE_PRODUCT = YES;
			};
			name = Release;
		};
		709F81EA1DE572910029366D /* Debug */ = {
			isa = XCBuildConfiguration;
			baseConfigurationReference = A3A53C32FB70FF570BAE469A /* Pods-Note.debug.xcconfig */;
			buildSettings = {
				ASSETCATALOG_COMPILER_APPICON_NAME = AppIcon;
				DEVELOPMENT_TEAM = 6F74KR9FP9;
				INFOPLIST_FILE = Note/Info.plist;
				LD_RUNPATH_SEARCH_PATHS = "$(inherited) @executable_path/Frameworks";
				PRODUCT_BUNDLE_IDENTIFIER = yck.Note;
				PRODUCT_NAME = "$(TARGET_NAME)";
				SWIFT_VERSION = 3.0;
			};
			name = Debug;
		};
		709F81EB1DE572910029366D /* Release */ = {
			isa = XCBuildConfiguration;
			baseConfigurationReference = F535DC144622DA5B752358D8 /* Pods-Note.release.xcconfig */;
			buildSettings = {
				ASSETCATALOG_COMPILER_APPICON_NAME = AppIcon;
				DEVELOPMENT_TEAM = 6F74KR9FP9;
				INFOPLIST_FILE = Note/Info.plist;
				LD_RUNPATH_SEARCH_PATHS = "$(inherited) @executable_path/Frameworks";
				PRODUCT_BUNDLE_IDENTIFIER = yck.Note;
				PRODUCT_NAME = "$(TARGET_NAME)";
				SWIFT_VERSION = 3.0;
			};
			name = Release;
		};
		709F81ED1DE572910029366D /* Debug */ = {
			isa = XCBuildConfiguration;
			baseConfigurationReference = 36A45D18AC8781AF7151CAC1 /* Pods-NoteTests.debug.xcconfig */;
			buildSettings = {
				ALWAYS_EMBED_SWIFT_STANDARD_LIBRARIES = YES;
				BUNDLE_LOADER = "$(TEST_HOST)";
				DEVELOPMENT_TEAM = 6F74KR9FP9;
				INFOPLIST_FILE = NoteTests/Info.plist;
				LD_RUNPATH_SEARCH_PATHS = "$(inherited) @executable_path/Frameworks @loader_path/Frameworks";
				PRODUCT_BUNDLE_IDENTIFIER = yck.NoteTests;
				PRODUCT_NAME = "$(TARGET_NAME)";
				SWIFT_VERSION = 3.0;
				TEST_HOST = "$(BUILT_PRODUCTS_DIR)/Note.app/Note";
			};
			name = Debug;
		};
		709F81EE1DE572910029366D /* Release */ = {
			isa = XCBuildConfiguration;
			baseConfigurationReference = 1674132942DA0F2C922D483F /* Pods-NoteTests.release.xcconfig */;
			buildSettings = {
				ALWAYS_EMBED_SWIFT_STANDARD_LIBRARIES = YES;
				BUNDLE_LOADER = "$(TEST_HOST)";
				DEVELOPMENT_TEAM = 6F74KR9FP9;
				INFOPLIST_FILE = NoteTests/Info.plist;
				LD_RUNPATH_SEARCH_PATHS = "$(inherited) @executable_path/Frameworks @loader_path/Frameworks";
				PRODUCT_BUNDLE_IDENTIFIER = yck.NoteTests;
				PRODUCT_NAME = "$(TARGET_NAME)";
				SWIFT_VERSION = 3.0;
				TEST_HOST = "$(BUILT_PRODUCTS_DIR)/Note.app/Note";
			};
			name = Release;
		};
/* End XCBuildConfiguration section */

/* Begin XCConfigurationList section */
		709F81C71DE572910029366D /* Build configuration list for PBXProject "Note" */ = {
			isa = XCConfigurationList;
			buildConfigurations = (
				709F81E71DE572910029366D /* Debug */,
				709F81E81DE572910029366D /* Release */,
			);
			defaultConfigurationIsVisible = 0;
			defaultConfigurationName = Release;
		};
		709F81E91DE572910029366D /* Build configuration list for PBXNativeTarget "Note" */ = {
			isa = XCConfigurationList;
			buildConfigurations = (
				709F81EA1DE572910029366D /* Debug */,
				709F81EB1DE572910029366D /* Release */,
			);
			defaultConfigurationIsVisible = 0;
			defaultConfigurationName = Release;
		};
		709F81EC1DE572910029366D /* Build configuration list for PBXNativeTarget "NoteTests" */ = {
			isa = XCConfigurationList;
			buildConfigurations = (
				709F81ED1DE572910029366D /* Debug */,
				709F81EE1DE572910029366D /* Release */,
			);
			defaultConfigurationIsVisible = 0;
			defaultConfigurationName = Release;
		};
/* End XCConfigurationList section */
	};
	rootObject = 709F81C41DE572910029366D /* Project object */;
}
